
Microsoft Visual Studio Solution File, Format Version 12.00
# Visual Studio Version 17
VisualStudioVersion = 17.8.34525.116
MinimumVisualStudioVersion = 10.0.40219.1
Project("{FAE04EC0-301F-11D3-BF4B-00C04F79EFBC}") = "ItemInventorySync", "ItemInventorySync\ItemInventorySync.csproj", "{5864491D-16F0-4A20-AF25-60B3C0580AD7}"
EndProject
Project("{FAE04EC0-301F-11D3-BF4B-00C04F79EFBC}") = "ItemInventorySyncTest", "ItemInventorySyncTest\ItemInventorySyncTest.csproj", "{C6B333C8-3728-4EDF-A1EE-E4E852B480A2}"
EndProject
Global
	GlobalSection(SolutionConfigurationPlatforms) = preSolution
		Debug|Any CPU = Debug|Any CPU
		Release|Any CPU = Release|Any CPU
	EndGlobalSection
	GlobalSection(ProjectConfigurationPlatforms) = postSolution
		{5864491D-16F0-4A20-AF25-60B3C0580AD7}.Debug|Any CPU.ActiveCfg = Debug|Any CPU
		{5864491D-16F0-4A20-AF25-60B3C0580AD7}.Debug|Any CPU.Build.0 = Debug|Any CPU
		{5864491D-16F0-4A20-AF25-60B3C0580AD7}.Release|Any CPU.ActiveCfg = Release|Any CPU
		{5864491D-16F0-4A20-AF25-60B3C0580AD7}.Release|Any CPU.Build.0 = Release|Any CPU
		{C6B333C8-3728-4EDF-A1EE-E4E852B480A2}.Debug|Any CPU.ActiveCfg = Debug|Any CPU
		{C6B333C8-3728-4EDF-A1EE-E4E852B480A2}.Debug|Any CPU.Build.0 = Debug|Any CPU
		{C6B333C8-3728-4EDF-A1EE-E4E852B480A2}.Release|Any CPU.ActiveCfg = Release|Any CPU
		{C6B333C8-3728-4EDF-A1EE-E4E852B480A2}.Release|Any CPU.Build.0 = Release|Any CPU
	EndGlobalSection
	GlobalSection(SolutionProperties) = preSolution
		HideSolutionNode = FALSE
	EndGlobalSection
	GlobalSection(ExtensibilityGlobals) = postSolution
		SolutionGuid = {B22CBA25-B4DA-40BA-A37B-D4BF3EE01502}
	EndGlobalSection
EndGlobal
